Microsoft Visual Studio Solution File, Format Version 12.00
# Visual Studio Version 17
VisualStudioVersion = 17.5.2.0
MinimumVisualStudioVersion = 10.0.40219.1
Project("{2150E333-8FDC-42A3-9474-1A3956D46DE8}") = "server", "server", "{DAD03CFC-D5FA-AC94-41C7-9ABAB326F09E}"
EndProject
Project("{FAE04EC0-301F-11D3-BF4B-00C04F79EFBC}") = "BarDinerApi", "server\BarDinerApi\BarDinerApi.csproj", "{A94F148E-3995-007B-853B-D8E5A1696DBB}"
EndProject
Global
	GlobalSection(SolutionConfigurationPlatforms) = preSolution
		Debug|Any CPU = Debug|Any CPU
		Release|Any CPU = Release|Any CPU
	EndGlobalSection
	GlobalSection(ProjectConfigurationPlatforms) = postSolution
		{A94F148E-3995-007B-853B-D8E5A1696DBB}.Debug|Any CPU.ActiveCfg = Debug|Any CPU
		{A94F148E-3995-007B-853B-D8E5A1696DBB}.Debug|Any CPU.Build.0 = Debug|Any CPU
		{A94F148E-3995-007B-853B-D8E5A1696DBB}.Release|Any CPU.ActiveCfg = Release|Any CPU
		{A94F148E-3995-007B-853B-D8E5A1696DBB}.Release|Any CPU.Build.0 = Release|Any CPU
	EndGlobalSection
	GlobalSection(SolutionProperties) = preSolution
		HideSolutionNode = FALSE
	EndGlobalSection
	GlobalSection(NestedProjects) = preSolution
		{A94F148E-3995-007B-853B-D8E5A1696DBB} = {DAD03CFC-D5FA-AC94-41C7-9ABAB326F09E}
	EndGlobalSection
	GlobalSection(ExtensibilityGlobals) = postSolution
		SolutionGuid = {7FCADC39-131C-4B7F-94AC-9E42C9A9AFF4}
	EndGlobalSection
EndGlobal
